
Microsoft Visual Studio Solution File, Format Version 12.00
Project("{FAE04EC0-301F-11D3-BF4B-00C04F79EFBC}") = "PlanetService", "PlanetService\PlanetService.csproj", "{A94D709F-63E8-402E-BD41-CFF37557A278}"
EndProject
Project("{FAE04EC0-301F-11D3-BF4B-00C04F79EFBC}") = "SatelliteService", "SatelliteService\SatelliteService.csproj", "{E1523DA2-324C-4427-9B42-B85FDEF4C953}"
EndProject
Global
	GlobalSection(SolutionConfigurationPlatforms) = preSolution
		Debug|Any CPU = Debug|Any CPU
		Release|Any CPU = Release|Any CPU
	EndGlobalSection
	GlobalSection(ProjectConfigurationPlatforms) = postSolution
		{A94D709F-63E8-402E-BD41-CFF37557A278}.Debug|Any CPU.ActiveCfg = Debug|Any CPU
		{A94D709F-63E8-402E-BD41-CFF37557A278}.Debug|Any CPU.Build.0 = Debug|Any CPU
		{A94D709F-63E8-402E-BD41-CFF37557A278}.Release|Any CPU.ActiveCfg = Release|Any CPU
		{A94D709F-63E8-402E-BD41-CFF37557A278}.Release|Any CPU.Build.0 = Release|Any CPU
		{E1523DA2-324C-4427-9B42-B85FDEF4C953}.Debug|Any CPU.ActiveCfg = Debug|Any CPU
		{E1523DA2-324C-4427-9B42-B85FDEF4C953}.Debug|Any CPU.Build.0 = Debug|Any CPU
		{E1523DA2-324C-4427-9B42-B85FDEF4C953}.Release|Any CPU.ActiveCfg = Release|Any CPU
		{E1523DA2-324C-4427-9B42-B85FDEF4C953}.Release|Any CPU.Build.0 = Release|Any CPU
	EndGlobalSection
EndGlobal
